// !$*UTF8*$!
{
	archiveVersion = 1;
	classes = {
	};
	objectVersion = 50;
	objects = {

/* Begin PBXBuildFile section */
		3906285C20C6BA3400187E21 /* AppDelegate.swift in Sources */ = {isa = PBXBuildFile; fileRef = 3906285B20C6BA3400187E21 /* AppDelegate.swift */; };
		3906285E20C6BA3400187E21 /* ViewController.swift in Sources */ = {isa = PBXBuildFile; fileRef = 3906285D20C6BA3400187E21 /* ViewController.swift */; };
		3906286320C6BA3600187E21 /* Assets.xcassets in Resources */ = {isa = PBXBuildFile; fileRef = 3906286220C6BA3600187E21 /* Assets.xcassets */; };
		3906286620C6BA3600187E21 /* LaunchScreen.storyboard in Resources */ = {isa = PBXBuildFile; fileRef = 3906286420C6BA3600187E21 /* LaunchScreen.storyboard */; };
		3906286F20C6BC5600187E21 /* QCAppEnvironment.swift in Sources */ = {isa = PBXBuildFile; fileRef = 3906286E20C6BC5600187E21 /* QCAppEnvironment.swift */; };
		3906287220C6BCB400187E21 /* QCNavigator.swift in Sources */ = {isa = PBXBuildFile; fileRef = 3906287120C6BCB400187E21 /* QCNavigator.swift */; };
		3906287420C6BCED00187E21 /* QCRouting.swift in Sources */ = {isa = PBXBuildFile; fileRef = 3906287320C6BCED00187E21 /* QCRouting.swift */; };
		3906287620C6BD2500187E21 /* QCRoutingEntry.swift in Sources */ = {isa = PBXBuildFile; fileRef = 3906287520C6BD2500187E21 /* QCRoutingEntry.swift */; };
		3906287820C6BF1900187E21 /* QCNavigationStyle.swift in Sources */ = {isa = PBXBuildFile; fileRef = 3906287720C6BF1900187E21 /* QCNavigationStyle.swift */; };
		39944DD920C6C4A500235B48 /* SeeConnectionViewController.xib in Resources */ = {isa = PBXBuildFile; fileRef = 39944DD720C6C4A500235B48 /* SeeConnectionViewController.xib */; };
		39944DDA20C6C4A500235B48 /* SeeConnectionViewController.swift in Sources */ = {isa = PBXBuildFile; fileRef = 39944DD820C6C4A500235B48 /* SeeConnectionViewController.swift */; };
		39944DDD20C6C4DE00235B48 /* SeeConnectionSignUpViewModel.swift in Sources */ = {isa = PBXBuildFile; fileRef = 39944DDC20C6C4DE00235B48 /* SeeConnectionSignUpViewModel.swift */; };
		39944DDF20C6C50000235B48 /* SeeConnectionLoginViewModel.swift in Sources */ = {isa = PBXBuildFile; fileRef = 39944DDE20C6C50000235B48 /* SeeConnectionLoginViewModel.swift */; };
		39944DE320C6C51400235B48 /* QCViewModel.swift in Sources */ = {isa = PBXBuildFile; fileRef = 39944DE120C6C51400235B48 /* QCViewModel.swift */; };
		39944DE420C6C51400235B48 /* QCViewControllerViewModel.swift in Sources */ = {isa = PBXBuildFile; fileRef = 39944DE220C6C51400235B48 /* QCViewControllerViewModel.swift */; };
		39944DE820C6CB5B00235B48 /* SeeSignupRoutinEntry.swift in Sources */ = {isa = PBXBuildFile; fileRef = 39944DE720C6CB5B00235B48 /* SeeSignupRoutinEntry.swift */; };
		39944DEA20C6CB6B00235B48 /* SeeLoginRoutinEntry.swift in Sources */ = {isa = PBXBuildFile; fileRef = 39944DE920C6CB6B00235B48 /* SeeLoginRoutinEntry.swift */; };
		39944DED20C6D1B200235B48 /* UIColor+See.swift in Sources */ = {isa = PBXBuildFile; fileRef = 39944DEC20C6D1B200235B48 /* UIColor+See.swift */; };
		39944DF220C6D53600235B48 /* SeeProfilePicViewController.swift in Sources */ = {isa = PBXBuildFile; fileRef = 39944DF020C6D53600235B48 /* SeeProfilePicViewController.swift */; };
		39944DF320C6D53600235B48 /* SeeProfilePicViewController.xib in Resources */ = {isa = PBXBuildFile; fileRef = 39944DF120C6D53600235B48 /* SeeProfilePicViewController.xib */; };
		39944DF520C6D7E700235B48 /* UIView+See.swift in Sources */ = {isa = PBXBuildFile; fileRef = 39944DF420C6D7E700235B48 /* UIView+See.swift */; };
		39944DF920C6D89100235B48 /* SeeProfilePicRoutingEntry.swift in Sources */ = {isa = PBXBuildFile; fileRef = 39944DF820C6D89100235B48 /* SeeProfilePicRoutingEntry.swift */; };
		39944DFE20C6DA9100235B48 /* SeeWelcomeViewController.swift in Sources */ = {isa = PBXBuildFile; fileRef = 39944DFC20C6DA9100235B48 /* SeeWelcomeViewController.swift */; };
		39944DFF20C6DA9100235B48 /* SeeWelcomeViewController.xib in Resources */ = {isa = PBXBuildFile; fileRef = 39944DFD20C6DA9100235B48 /* SeeWelcomeViewController.xib */; };
		39944E0220C6DBEB00235B48 /* SeeWelcomeRoutingEntry.swift in Sources */ = {isa = PBXBuildFile; fileRef = 39944E0120C6DBEB00235B48 /* SeeWelcomeRoutingEntry.swift */; };
		39944E0520C6DC1500235B48 /* SeeStartViewController.swift in Sources */ = {isa = PBXBuildFile; fileRef = 39944E0320C6DC1500235B48 /* SeeStartViewController.swift */; };
		39944E0620C6DC1500235B48 /* SeeStartViewController.xib in Resources */ = {isa = PBXBuildFile; fileRef = 39944E0420C6DC1500235B48 /* SeeStartViewController.xib */; };
		39944E0920C6DDA900235B48 /* SeeStartRoutingEntry.swift in Sources */ = {isa = PBXBuildFile; fileRef = 39944E0820C6DDA900235B48 /* SeeStartRoutingEntry.swift */; };
		39D8951D20C86A1C00782F3D /* SeeTabBarController.swift in Sources */ = {isa = PBXBuildFile; fileRef = 39D8951C20C86A1C00782F3D /* SeeTabBarController.swift */; };
		39D8952020C86A6A00782F3D /* SeeTabBarResidentControllerViewModel.swift in Sources */ = {isa = PBXBuildFile; fileRef = 39D8951F20C86A6A00782F3D /* SeeTabBarResidentControllerViewModel.swift */; };
		39D8952220C86A8300782F3D /* SeeTabBarTravellerControllerViewModel.swift in Sources */ = {isa = PBXBuildFile; fileRef = 39D8952120C86A8300782F3D /* SeeTabBarTravellerControllerViewModel.swift */; };
		39D8952720C86D6C00782F3D /* SeeNewExperienceViewController.swift in Sources */ = {isa = PBXBuildFile; fileRef = 39D8952520C86D6C00782F3D /* SeeNewExperienceViewController.swift */; };
		39D8952820C86D6C00782F3D /* SeeNewExperienceViewController.xib in Resources */ = {isa = PBXBuildFile; fileRef = 39D8952620C86D6C00782F3D /* SeeNewExperienceViewController.xib */; };
		39D8952C20C86DC500782F3D /* SeeMessagingViewController.swift in Sources */ = {isa = PBXBuildFile; fileRef = 39D8952A20C86DC500782F3D /* SeeMessagingViewController.swift */; };
		39D8952D20C86DC500782F3D /* SeeMessagingViewController.xib in Resources */ = {isa = PBXBuildFile; fileRef = 39D8952B20C86DC500782F3D /* SeeMessagingViewController.xib */; };
		39D8953120C86DEC00782F3D /* SeeProfileViewController.swift in Sources */ = {isa = PBXBuildFile; fileRef = 39D8952F20C86DEC00782F3D /* SeeProfileViewController.swift */; };
		39D8953220C86DEC00782F3D /* SeeProfileViewController.xib in Resources */ = {isa = PBXBuildFile; fileRef = 39D8953020C86DEC00782F3D /* SeeProfileViewController.xib */; };
		39D8953620C86E1600782F3D /* SeeFavoritesViewController.swift in Sources */ = {isa = PBXBuildFile; fileRef = 39D8953420C86E1600782F3D /* SeeFavoritesViewController.swift */; };
		39D8953720C86E1600782F3D /* SeeFavoritesViewController.xib in Resources */ = {isa = PBXBuildFile; fileRef = 39D8953520C86E1600782F3D /* SeeFavoritesViewController.xib */; };
		39D8953B20C8710900782F3D /* SeeTabBarViewController.swift in Sources */ = {isa = PBXBuildFile; fileRef = 39D8953A20C8710900782F3D /* SeeTabBarViewController.swift */; };
		39D8953E20C8719200782F3D /* SeeTabBarViewControllerViewModel.swift in Sources */ = {isa = PBXBuildFile; fileRef = 39D8953D20C8719200782F3D /* SeeTabBarViewControllerViewModel.swift */; };
		39D8954020C871F300782F3D /* SeeNewExperienceViewControllerViewModel.swift in Sources */ = {isa = PBXBuildFile; fileRef = 39D8953F20C871F300782F3D /* SeeNewExperienceViewControllerViewModel.swift */; };
		39D8954220C8721400782F3D /* SeeMessagingViewControllerViewModel.swift in Sources */ = {isa = PBXBuildFile; fileRef = 39D8954120C8721400782F3D /* SeeMessagingViewControllerViewModel.swift */; };
		39D8954420C8723100782F3D /* SeeProfileViewControllerViewModel.swift in Sources */ = {isa = PBXBuildFile; fileRef = 39D8954320C8723100782F3D /* SeeProfileViewControllerViewModel.swift */; };
		39D8954620C8724E00782F3D /* SeeFavoritesViewControllerViewModel.swift in Sources */ = {isa = PBXBuildFile; fileRef = 39D8954520C8724E00782F3D /* SeeFavoritesViewControllerViewModel.swift */; };
		39D8954B20C87A9A00782F3D /* SeeMessagingCollectionViewCell.swift in Sources */ = {isa = PBXBuildFile; fileRef = 39D8954920C87A9A00782F3D /* SeeMessagingCollectionViewCell.swift */; };
		39D8954C20C87A9A00782F3D /* SeeMessagingCollectionViewCell.xib in Resources */ = {isa = PBXBuildFile; fileRef = 39D8954A20C87A9A00782F3D /* SeeMessagingCollectionViewCell.xib */; };
		39D8954F20C87D8500782F3D /* QCCollectionViewModel.swift in Sources */ = {isa = PBXBuildFile; fileRef = 39D8954E20C87D8500782F3D /* QCCollectionViewModel.swift */; };
		39D8955120C87E7100782F3D /* QCCollectionViewSection.swift in Sources */ = {isa = PBXBuildFile; fileRef = 39D8955020C87E7100782F3D /* QCCollectionViewSection.swift */; };
		39EA127420C9C41800BB6387 /* QCCollectionCellViewModel.swift in Sources */ = {isa = PBXBuildFile; fileRef = 39EA127320C9C41800BB6387 /* QCCollectionCellViewModel.swift */; };
		39EA127620C9C95200BB6387 /* QCViewModelDelegate.swift in Sources */ = {isa = PBXBuildFile; fileRef = 39EA127520C9C95200BB6387 /* QCViewModelDelegate.swift */; };
		39EA127820C9CA5800BB6387 /* SeeMessagingListCollectionViewModel.swift in Sources */ = {isa = PBXBuildFile; fileRef = 39EA127720C9CA5800BB6387 /* SeeMessagingListCollectionViewModel.swift */; };
		39EA127B20C9CB9400BB6387 /* SeeMessagingCollectionViewSection.swift in Sources */ = {isa = PBXBuildFile; fileRef = 39EA127A20C9CB9400BB6387 /* SeeMessagingCollectionViewSection.swift */; };
		39EA127D20C9CBC500BB6387 /* SeeMessagingCollectionViewCellViewModel.swift in Sources */ = {isa = PBXBuildFile; fileRef = 39EA127C20C9CBC500BB6387 /* SeeMessagingCollectionViewCellViewModel.swift */; };
/* End PBXBuildFile section */

/* Begin PBXFileReference section */
		3906285820C6BA3400187E21 /* See+.app */ = {isa = PBXFileReference; explicitFileType = wrapper.application; includeInIndex = 0; path = "See+.app"; sourceTree = BUILT_PRODUCTS_DIR; };
		3906285B20C6BA3400187E21 /* AppDelegate.swift */ = {isa = PBXFileReference; lastKnownFileType = sourcecode.swift; path = AppDelegate.swift; sourceTree = "<group>"; };
		3906285D20C6BA3400187E21 /* ViewController.swift */ = {isa = PBXFileReference; lastKnownFileType = sourcecode.swift; path = ViewController.swift; sourceTree = "<group>"; };
		3906286220C6BA3600187E21 /* Assets.xcassets */ = {isa = PBXFileReference; lastKnownFileType = folder.assetcatalog; path = Assets.xcassets; sourceTree = "<group>"; };
		3906286520C6BA3600187E21 /* Base */ = {isa = PBXFileReference; lastKnownFileType = file.storyboard; name = Base; path = Base.lproj/LaunchScreen.storyboard; sourceTree = "<group>"; };
		3906286720C6BA3600187E21 /* Info.plist */ = {isa = PBXFileReference; lastKnownFileType = text.plist.xml; path = Info.plist; sourceTree = "<group>"; };
		3906286E20C6BC5600187E21 /* QCAppEnvironment.swift */ = {isa = PBXFileReference; lastKnownFileType = sourcecode.swift; path = QCAppEnvironment.swift; sourceTree = "<group>"; };
		3906287120C6BCB400187E21 /* QCNavigator.swift */ = {isa = PBXFileReference; lastKnownFileType = sourcecode.swift; path = QCNavigator.swift; sourceTree = "<group>"; };
		3906287320C6BCED00187E21 /* QCRouting.swift */ = {isa = PBXFileReference; lastKnownFileType = sourcecode.swift; path = QCRouting.swift; sourceTree = "<group>"; };
		3906287520C6BD2500187E21 /* QCRoutingEntry.swift */ = {isa = PBXFileReference; lastKnownFileType = sourcecode.swift; path = QCRoutingEntry.swift; sourceTree = "<group>"; };
		3906287720C6BF1900187E21 /* QCNavigationStyle.swift */ = {isa = PBXFileReference; lastKnownFileType = sourcecode.swift; path = QCNavigationStyle.swift; sourceTree = "<group>"; };
		39944DD720C6C4A500235B48 /* SeeConnectionViewController.xib */ = {isa = PBXFileReference; fileEncoding = 4; lastKnownFileType = file.xib; path = SeeConnectionViewController.xib; sourceTree = "<group>"; };
		39944DD820C6C4A500235B48 /* SeeConnectionViewController.swift */ = {isa = PBXFileReference; fileEncoding = 4; lastKnownFileType = sourcecode.swift; path = SeeConnectionViewController.swift; sourceTree = "<group>"; };
		39944DDC20C6C4DE00235B48 /* SeeConnectionSignUpViewModel.swift */ = {isa = PBXFileReference; lastKnownFileType = sourcecode.swift; path = SeeConnectionSignUpViewModel.swift; sourceTree = "<group>"; };
		39944DDE20C6C50000235B48 /* SeeConnectionLoginViewModel.swift */ = {isa = PBXFileReference; lastKnownFileType = sourcecode.swift; path = SeeConnectionLoginViewModel.swift; sourceTree = "<group>"; };
		39944DE120C6C51400235B48 /* QCViewModel.swift */ = {isa = PBXFileReference; fileEncoding = 4; lastKnownFileType = sourcecode.swift; path = QCViewModel.swift; sourceTree = "<group>"; };
		39944DE220C6C51400235B48 /* QCViewControllerViewModel.swift */ = {isa = PBXFileReference; fileEncoding = 4; lastKnownFileType = sourcecode.swift; path = QCViewControllerViewModel.swift; sourceTree = "<group>"; };
		39944DE720C6CB5B00235B48 /* SeeSignupRoutinEntry.swift */ = {isa = PBXFileReference; lastKnownFileType = sourcecode.swift; path = SeeSignupRoutinEntry.swift; sourceTree = "<group>"; };
		39944DE920C6CB6B00235B48 /* SeeLoginRoutinEntry.swift */ = {isa = PBXFileReference; lastKnownFileType = sourcecode.swift; path = SeeLoginRoutinEntry.swift; sourceTree = "<group>"; };
		39944DEC20C6D1B200235B48 /* UIColor+See.swift */ = {isa = PBXFileReference; lastKnownFileType = sourcecode.swift; path = "UIColor+See.swift"; sourceTree = "<group>"; };
		39944DF020C6D53600235B48 /* SeeProfilePicViewController.swift */ = {isa = PBXFileReference; lastKnownFileType = sourcecode.swift; path = SeeProfilePicViewController.swift; sourceTree = "<group>"; };
		39944DF120C6D53600235B48 /* SeeProfilePicViewController.xib */ = {isa = PBXFileReference; lastKnownFileType = file.xib; path = SeeProfilePicViewController.xib; sourceTree = "<group>"; };
		39944DF420C6D7E700235B48 /* UIView+See.swift */ = {isa = PBXFileReference; lastKnownFileType = sourcecode.swift; path = "UIView+See.swift"; sourceTree = "<group>"; };
		39944DF820C6D89100235B48 /* SeeProfilePicRoutingEntry.swift */ = {isa = PBXFileReference; lastKnownFileType = sourcecode.swift; path = SeeProfilePicRoutingEntry.swift; sourceTree = "<group>"; };
		39944DFC20C6DA9100235B48 /* SeeWelcomeViewController.swift */ = {isa = PBXFileReference; lastKnownFileType = sourcecode.swift; path = SeeWelcomeViewController.swift; sourceTree = "<group>"; };
		39944DFD20C6DA9100235B48 /* SeeWelcomeViewController.xib */ = {isa = PBXFileReference; lastKnownFileType = file.xib; path = SeeWelcomeViewController.xib; sourceTree = "<group>"; };
		39944E0120C6DBEB00235B48 /* SeeWelcomeRoutingEntry.swift */ = {isa = PBXFileReference; lastKnownFileType = sourcecode.swift; path = SeeWelcomeRoutingEntry.swift; sourceTree = "<group>"; };
		39944E0320C6DC1500235B48 /* SeeStartViewController.swift */ = {isa = PBXFileReference; lastKnownFileType = sourcecode.swift; path = SeeStartViewController.swift; sourceTree = "<group>"; };
		39944E0420C6DC1500235B48 /* SeeStartViewController.xib */ = {isa = PBXFileReference; lastKnownFileType = file.xib; path = SeeStartViewController.xib; sourceTree = "<group>"; };
		39944E0820C6DDA900235B48 /* SeeStartRoutingEntry.swift */ = {isa = PBXFileReference; lastKnownFileType = sourcecode.swift; path = SeeStartRoutingEntry.swift; sourceTree = "<group>"; };
		39D8951C20C86A1C00782F3D /* SeeTabBarController.swift */ = {isa = PBXFileReference; lastKnownFileType = sourcecode.swift; path = SeeTabBarController.swift; sourceTree = "<group>"; };
		39D8951F20C86A6A00782F3D /* SeeTabBarResidentControllerViewModel.swift */ = {isa = PBXFileReference; lastKnownFileType = sourcecode.swift; path = SeeTabBarResidentControllerViewModel.swift; sourceTree = "<group>"; };
		39D8952120C86A8300782F3D /* SeeTabBarTravellerControllerViewModel.swift */ = {isa = PBXFileReference; lastKnownFileType = sourcecode.swift; path = SeeTabBarTravellerControllerViewModel.swift; sourceTree = "<group>"; };
		39D8952520C86D6C00782F3D /* SeeNewExperienceViewController.swift */ = {isa = PBXFileReference; lastKnownFileType = sourcecode.swift; path = SeeNewExperienceViewController.swift; sourceTree = "<group>"; };
		39D8952620C86D6C00782F3D /* SeeNewExperienceViewController.xib */ = {isa = PBXFileReference; lastKnownFileType = file.xib; path = SeeNewExperienceViewController.xib; sourceTree = "<group>"; };
		39D8952A20C86DC500782F3D /* SeeMessagingViewController.swift */ = {isa = PBXFileReference; lastKnownFileType = sourcecode.swift; path = SeeMessagingViewController.swift; sourceTree = "<group>"; };
		39D8952B20C86DC500782F3D /* SeeMessagingViewController.xib */ = {isa = PBXFileReference; lastKnownFileType = file.xib; path = SeeMessagingViewController.xib; sourceTree = "<group>"; };
		39D8952F20C86DEC00782F3D /* SeeProfileViewController.swift */ = {isa = PBXFileReference; lastKnownFileType = sourcecode.swift; path = SeeProfileViewController.swift; sourceTree = "<group>"; };
		39D8953020C86DEC00782F3D /* SeeProfileViewController.xib */ = {isa = PBXFileReference; lastKnownFileType = file.xib; path = SeeProfileViewController.xib; sourceTree = "<group>"; };
		39D8953420C86E1600782F3D /* SeeFavoritesViewController.swift */ = {isa = PBXFileReference; lastKnownFileType = sourcecode.swift; path = SeeFavoritesViewController.swift; sourceTree = "<group>"; };
		39D8953520C86E1600782F3D /* SeeFavoritesViewController.xib */ = {isa = PBXFileReference; lastKnownFileType = file.xib; path = SeeFavoritesViewController.xib; sourceTree = "<group>"; };
		39D8953A20C8710900782F3D /* SeeTabBarViewController.swift */ = {isa = PBXFileReference; lastKnownFileType = sourcecode.swift; path = SeeTabBarViewController.swift; sourceTree = "<group>"; };
		39D8953D20C8719200782F3D /* SeeTabBarViewControllerViewModel.swift */ = {isa = PBXFileReference; lastKnownFileType = sourcecode.swift; path = SeeTabBarViewControllerViewModel.swift; sourceTree = "<group>"; };
		39D8953F20C871F300782F3D /* SeeNewExperienceViewControllerViewModel.swift */ = {isa = PBXFileReference; lastKnownFileType = sourcecode.swift; path = SeeNewExperienceViewControllerViewModel.swift; sourceTree = "<group>"; };
		39D8954120C8721400782F3D /* SeeMessagingViewControllerViewModel.swift */ = {isa = PBXFileReference; lastKnownFileType = sourcecode.swift; path = SeeMessagingViewControllerViewModel.swift; sourceTree = "<group>"; };
		39D8954320C8723100782F3D /* SeeProfileViewControllerViewModel.swift */ = {isa = PBXFileReference; lastKnownFileType = sourcecode.swift; path = SeeProfileViewControllerViewModel.swift; sourceTree = "<group>"; };
		39D8954520C8724E00782F3D /* SeeFavoritesViewControllerViewModel.swift */ = {isa = PBXFileReference; lastKnownFileType = sourcecode.swift; path = SeeFavoritesViewControllerViewModel.swift; sourceTree = "<group>"; };
		39D8954920C87A9A00782F3D /* SeeMessagingCollectionViewCell.swift */ = {isa = PBXFileReference; lastKnownFileType = sourcecode.swift; path = SeeMessagingCollectionViewCell.swift; sourceTree = "<group>"; };
		39D8954A20C87A9A00782F3D /* SeeMessagingCollectionViewCell.xib */ = {isa = PBXFileReference; lastKnownFileType = file.xib; path = SeeMessagingCollectionViewCell.xib; sourceTree = "<group>"; };
		39D8954E20C87D8500782F3D /* QCCollectionViewModel.swift */ = {isa = PBXFileReference; lastKnownFileType = sourcecode.swift; path = QCCollectionViewModel.swift; sourceTree = "<group>"; };
		39D8955020C87E7100782F3D /* QCCollectionViewSection.swift */ = {isa = PBXFileReference; lastKnownFileType = sourcecode.swift; path = QCCollectionViewSection.swift; sourceTree = "<group>"; };
		39EA127320C9C41800BB6387 /* QCCollectionCellViewModel.swift */ = {isa = PBXFileReference; lastKnownFileType = sourcecode.swift; path = QCCollectionCellViewModel.swift; sourceTree = "<group>"; };
		39EA127520C9C95200BB6387 /* QCViewModelDelegate.swift */ = {isa = PBXFileReference; lastKnownFileType = sourcecode.swift; path = QCViewModelDelegate.swift; sourceTree = "<group>"; };
		39EA127720C9CA5800BB6387 /* SeeMessagingListCollectionViewModel.swift */ = {isa = PBXFileReference; lastKnownFileType = sourcecode.swift; path = SeeMessagingListCollectionViewModel.swift; sourceTree = "<group>"; };
		39EA127A20C9CB9400BB6387 /* SeeMessagingCollectionViewSection.swift */ = {isa = PBXFileReference; lastKnownFileType = sourcecode.swift; path = SeeMessagingCollectionViewSection.swift; sourceTree = "<group>"; };
		39EA127C20C9CBC500BB6387 /* SeeMessagingCollectionViewCellViewModel.swift */ = {isa = PBXFileReference; lastKnownFileType = sourcecode.swift; path = SeeMessagingCollectionViewCellViewModel.swift; sourceTree = "<group>"; };
/* End PBXFileReference section */

/* Begin PBXFrameworksBuildPhase section */
		3906285520C6BA3400187E21 /* Frameworks */ = {
			isa = PBXFrameworksBuildPhase;
			buildActionMask = 2147483647;
			files = (
			);
			runOnlyForDeploymentPostprocessing = 0;
		};
/* End PBXFrameworksBuildPhase section */

/* Begin PBXGroup section */
		3906284F20C6BA3400187E21 = {
			isa = PBXGroup;
			children = (
				3906285A20C6BA3400187E21 /* See+ */,
				3906285920C6BA3400187E21 /* Products */,
			);
			sourceTree = "<group>";
		};
		3906285920C6BA3400187E21 /* Products */ = {
			isa = PBXGroup;
			children = (
				3906285820C6BA3400187E21 /* See+.app */,
			);
			name = Products;
			sourceTree = "<group>";
		};
		3906285A20C6BA3400187E21 /* See+ */ = {
			isa = PBXGroup;
			children = (
				39944DEB20C6D19C00235B48 /* Helper */,
				39944DE020C6C51400235B48 /* ViewModel */,
				39944DD520C6C4A500235B48 /* UI */,
				3906287020C6BC9200187E21 /* Navigation */,
				3906286D20C6BC2500187E21 /* AppEnvironment */,
				3906285B20C6BA3400187E21 /* AppDelegate.swift */,
				3906285D20C6BA3400187E21 /* ViewController.swift */,
				3906286220C6BA3600187E21 /* Assets.xcassets */,
				3906286420C6BA3600187E21 /* LaunchScreen.storyboard */,
				3906286720C6BA3600187E21 /* Info.plist */,
			);
			path = "See+";
			sourceTree = "<group>";
		};
		3906286D20C6BC2500187E21 /* AppEnvironment */ = {
			isa = PBXGroup;
			children = (
				3906286E20C6BC5600187E21 /* QCAppEnvironment.swift */,
			);
			path = AppEnvironment;
			sourceTree = "<group>";
		};
		3906287020C6BC9200187E21 /* Navigation */ = {
			isa = PBXGroup;
			children = (
				39944DE520C6CB2400235B48 /* RoutingEntry */,
				3906287120C6BCB400187E21 /* QCNavigator.swift */,
				3906287320C6BCED00187E21 /* QCRouting.swift */,
				3906287520C6BD2500187E21 /* QCRoutingEntry.swift */,
				3906287720C6BF1900187E21 /* QCNavigationStyle.swift */,
			);
			path = Navigation;
			sourceTree = "<group>";
		};
		39944DD520C6C4A500235B48 /* UI */ = {
			isa = PBXGroup;
			children = (
				39D8953320C86E0600782F3D /* Favorites */,
				39D8952E20C86DDE00782F3D /* Profile */,
				39D8952920C86DAB00782F3D /* Messaging */,
				39D8952320C86D4A00782F3D /* Experience */,
				39D8951B20C869D000782F3D /* TabBar */,
				39944DFB20C6DA7C00235B48 /* Start */,
				39944DFA20C6DA7300235B48 /* Welcome */,
				39944DEF20C6D4FC00235B48 /* Profile Pic */,
				39944DD620C6C4A500235B48 /* Connection */,
			);
			path = UI;
			sourceTree = "<group>";
		};
		39944DD620C6C4A500235B48 /* Connection */ = {
			isa = PBXGroup;
			children = (
				39944DDB20C6C4AD00235B48 /* ViewModel */,
				39944DD720C6C4A500235B48 /* SeeConnectionViewController.xib */,
				39944DD820C6C4A500235B48 /* SeeConnectionViewController.swift */,
			);
			path = Connection;
			sourceTree = "<group>";
		};
		39944DDB20C6C4AD00235B48 /* ViewModel */ = {
			isa = PBXGroup;
			children = (
				39944DDC20C6C4DE00235B48 /* SeeConnectionSignUpViewModel.swift */,
				39944DDE20C6C50000235B48 /* SeeConnectionLoginViewModel.swift */,
			);
			path = ViewModel;
			sourceTree = "<group>";
		};
		39944DE020C6C51400235B48 /* ViewModel */ = {
			isa = PBXGroup;
			children = (
				39D8954D20C87D1600782F3D /* CollectionView */,
				39944DE120C6C51400235B48 /* QCViewModel.swift */,
				39944DE220C6C51400235B48 /* QCViewControllerViewModel.swift */,
				39EA127520C9C95200BB6387 /* QCViewModelDelegate.swift */,
			);
			path = ViewModel;
			sourceTree = "<group>";
		};
		39944DE520C6CB2400235B48 /* RoutingEntry */ = {
			isa = PBXGroup;
			children = (
				39944E0720C6DD9600235B48 /* Start */,
				39944E0020C6DBD000235B48 /* Welcome */,
				39944DF720C6D87800235B48 /* Profile Pic */,
				39944DE620C6CB3000235B48 /* Connection */,
			);
			path = RoutingEntry;
			sourceTree = "<group>";
		};
		39944DE620C6CB3000235B48 /* Connection */ = {
			isa = PBXGroup;
			children = (
				39944DE720C6CB5B00235B48 /* SeeSignupRoutinEntry.swift */,
				39944DE920C6CB6B00235B48 /* SeeLoginRoutinEntry.swift */,
			);
			path = Connection;
			sourceTree = "<group>";
		};
		39944DEB20C6D19C00235B48 /* Helper */ = {
			isa = PBXGroup;
			children = (
				39944DF620C6D7EE00235B48 /* View */,
				39944DEE20C6D1B600235B48 /* Color */,
			);
			path = Helper;
			sourceTree = "<group>";
		};
		39944DEE20C6D1B600235B48 /* Color */ = {
			isa = PBXGroup;
			children = (
				39944DEC20C6D1B200235B48 /* UIColor+See.swift */,
			);
			path = Color;
			sourceTree = "<group>";
		};
		39944DEF20C6D4FC00235B48 /* Profile Pic */ = {
			isa = PBXGroup;
			children = (
				39944DF020C6D53600235B48 /* SeeProfilePicViewController.swift */,
				39944DF120C6D53600235B48 /* SeeProfilePicViewController.xib */,
			);
			path = "Profile Pic";
			sourceTree = "<group>";
		};
		39944DF620C6D7EE00235B48 /* View */ = {
			isa = PBXGroup;
			children = (
				39944DF420C6D7E700235B48 /* UIView+See.swift */,
			);
			path = View;
			sourceTree = "<group>";
		};
		39944DF720C6D87800235B48 /* Profile Pic */ = {
			isa = PBXGroup;
			children = (
				39944DF820C6D89100235B48 /* SeeProfilePicRoutingEntry.swift */,
			);
			path = "Profile Pic";
			sourceTree = "<group>";
		};
		39944DFA20C6DA7300235B48 /* Welcome */ = {
			isa = PBXGroup;
			children = (
				39944DFC20C6DA9100235B48 /* SeeWelcomeViewController.swift */,
				39944DFD20C6DA9100235B48 /* SeeWelcomeViewController.xib */,
			);
			path = Welcome;
			sourceTree = "<group>";
		};
		39944DFB20C6DA7C00235B48 /* Start */ = {
			isa = PBXGroup;
			children = (
				39944E0320C6DC1500235B48 /* SeeStartViewController.swift */,
				39944E0420C6DC1500235B48 /* SeeStartViewController.xib */,
			);
			path = Start;
			sourceTree = "<group>";
		};
		39944E0020C6DBD000235B48 /* Welcome */ = {
			isa = PBXGroup;
			children = (
				39944E0120C6DBEB00235B48 /* SeeWelcomeRoutingEntry.swift */,
			);
			path = Welcome;
			sourceTree = "<group>";
		};
		39944E0720C6DD9600235B48 /* Start */ = {
			isa = PBXGroup;
			children = (
				39944E0820C6DDA900235B48 /* SeeStartRoutingEntry.swift */,
			);
			path = Start;
			sourceTree = "<group>";
		};
		39D8951B20C869D000782F3D /* TabBar */ = {
			isa = PBXGroup;
			children = (
				39D8953920C870F500782F3D /* ViewController */,
				39D8951E20C86A2F00782F3D /* ViewModel */,
				39D8951C20C86A1C00782F3D /* SeeTabBarController.swift */,
			);
			path = TabBar;
			sourceTree = "<group>";
		};
		39D8951E20C86A2F00782F3D /* ViewModel */ = {
			isa = PBXGroup;
			children = (
				39D8951F20C86A6A00782F3D /* SeeTabBarResidentControllerViewModel.swift */,
				39D8952120C86A8300782F3D /* SeeTabBarTravellerControllerViewModel.swift */,
			);
			path = ViewModel;
			sourceTree = "<group>";
		};
		39D8952320C86D4A00782F3D /* Experience */ = {
			isa = PBXGroup;
			children = (
				39D8952420C86D5300782F3D /* New */,
			);
			path = Experience;
			sourceTree = "<group>";
		};
		39D8952420C86D5300782F3D /* New */ = {
			isa = PBXGroup;
			children = (
				39D8952520C86D6C00782F3D /* SeeNewExperienceViewController.swift */,
				39D8952620C86D6C00782F3D /* SeeNewExperienceViewController.xib */,
				39D8953F20C871F300782F3D /* SeeNewExperienceViewControllerViewModel.swift */,
			);
			path = New;
			sourceTree = "<group>";
		};
		39D8952920C86DAB00782F3D /* Messaging */ = {
			isa = PBXGroup;
			children = (
				39D8954720C87A7500782F3D /* CollectionView */,
				39D8952A20C86DC500782F3D /* SeeMessagingViewController.swift */,
				39D8952B20C86DC500782F3D /* SeeMessagingViewController.xib */,
				39D8954120C8721400782F3D /* SeeMessagingViewControllerViewModel.swift */,
				39EA127720C9CA5800BB6387 /* SeeMessagingListCollectionViewModel.swift */,
			);
			path = Messaging;
			sourceTree = "<group>";
		};
		39D8952E20C86DDE00782F3D /* Profile */ = {
			isa = PBXGroup;
			children = (
				39D8952F20C86DEC00782F3D /* SeeProfileViewController.swift */,
				39D8953020C86DEC00782F3D /* SeeProfileViewController.xib */,
				39D8954320C8723100782F3D /* SeeProfileViewControllerViewModel.swift */,
			);
			path = Profile;
			sourceTree = "<group>";
		};
		39D8953320C86E0600782F3D /* Favorites */ = {
			isa = PBXGroup;
			children = (
				39D8953420C86E1600782F3D /* SeeFavoritesViewController.swift */,
				39D8953520C86E1600782F3D /* SeeFavoritesViewController.xib */,
				39D8954520C8724E00782F3D /* SeeFavoritesViewControllerViewModel.swift */,
			);
			path = Favorites;
			sourceTree = "<group>";
		};
		39D8953920C870F500782F3D /* ViewController */ = {
			isa = PBXGroup;
			children = (
				39D8953C20C8717900782F3D /* ViewModel */,
				39D8953A20C8710900782F3D /* SeeTabBarViewController.swift */,
			);
			path = ViewController;
			sourceTree = "<group>";
		};
		39D8953C20C8717900782F3D /* ViewModel */ = {
			isa = PBXGroup;
			children = (
				39D8953D20C8719200782F3D /* SeeTabBarViewControllerViewModel.swift */,
			);
			path = ViewModel;
			sourceTree = "<group>";
		};
		39D8954720C87A7500782F3D /* CollectionView */ = {
			isa = PBXGroup;
			children = (
				39EA127920C9CB7E00BB6387 /* Section */,
				39D8954820C87A8100782F3D /* Cell */,
			);
			path = CollectionView;
			sourceTree = "<group>";
		};
		39D8954820C87A8100782F3D /* Cell */ = {
			isa = PBXGroup;
			children = (
				39D8954920C87A9A00782F3D /* SeeMessagingCollectionViewCell.swift */,
				39D8954A20C87A9A00782F3D /* SeeMessagingCollectionViewCell.xib */,
				39EA127C20C9CBC500BB6387 /* SeeMessagingCollectionViewCellViewModel.swift */,
			);
			path = Cell;
			sourceTree = "<group>";
		};
		39D8954D20C87D1600782F3D /* CollectionView */ = {
			isa = PBXGroup;
			children = (
				39D8954E20C87D8500782F3D /* QCCollectionViewModel.swift */,
				39D8955020C87E7100782F3D /* QCCollectionViewSection.swift */,
				39EA127320C9C41800BB6387 /* QCCollectionCellViewModel.swift */,
			);
			path = CollectionView;
			sourceTree = "<group>";
		};
		39EA127920C9CB7E00BB6387 /* Section */ = {
			isa = PBXGroup;
			children = (
				39EA127A20C9CB9400BB6387 /* SeeMessagingCollectionViewSection.swift */,
			);
			path = Section;
			sourceTree = "<group>";
		};
/* End PBXGroup section */

/* Begin PBXNativeTarget section */
		3906285720C6BA3400187E21 /* See+ */ = {
			isa = PBXNativeTarget;
			buildConfigurationList = 3906286A20C6BA3600187E21 /* Build configuration list for PBXNativeTarget "See+" */;
			buildPhases = (
				3906285420C6BA3400187E21 /* Sources */,
				3906285520C6BA3400187E21 /* Frameworks */,
				3906285620C6BA3400187E21 /* Resources */,
			);
			buildRules = (
			);
			dependencies = (
			);
			name = "See+";
			productName = "See+";
			productReference = 3906285820C6BA3400187E21 /* See+.app */;
			productType = "com.apple.product-type.application";
		};
/* End PBXNativeTarget section */

/* Begin PBXProject section */
		3906285020C6BA3400187E21 /* Project object */ = {
			isa = PBXProject;
			attributes = {
				LastSwiftUpdateCheck = 0940;
				LastUpgradeCheck = 0940;
				ORGANIZATIONNAME = Quentin;
				TargetAttributes = {
					3906285720C6BA3400187E21 = {
						CreatedOnToolsVersion = 9.4;
					};
				};
			};
			buildConfigurationList = 3906285320C6BA3400187E21 /* Build configuration list for PBXProject "See+" */;
			compatibilityVersion = "Xcode 9.3";
			developmentRegion = en;
			hasScannedForEncodings = 0;
			knownRegions = (
				en,
				Base,
			);
			mainGroup = 3906284F20C6BA3400187E21;
			productRefGroup = 3906285920C6BA3400187E21 /* Products */;
			projectDirPath = "";
			projectRoot = "";
			targets = (
				3906285720C6BA3400187E21 /* See+ */,
			);
		};
/* End PBXProject section */

/* Begin PBXResourcesBuildPhase section */
		3906285620C6BA3400187E21 /* Resources */ = {
			isa = PBXResourcesBuildPhase;
			buildActionMask = 2147483647;
			files = (
				39D8953720C86E1600782F3D /* SeeFavoritesViewController.xib in Resources */,
				39944DD920C6C4A500235B48 /* SeeConnectionViewController.xib in Resources */,
				39D8952D20C86DC500782F3D /* SeeMessagingViewController.xib in Resources */,
				39D8953220C86DEC00782F3D /* SeeProfileViewController.xib in Resources */,
				39944E0620C6DC1500235B48 /* SeeStartViewController.xib in Resources */,
				39944DF320C6D53600235B48 /* SeeProfilePicViewController.xib in Resources */,
				39D8952820C86D6C00782F3D /* SeeNewExperienceViewController.xib in Resources */,
				3906286620C6BA3600187E21 /* LaunchScreen.storyboard in Resources */,
				39D8954C20C87A9A00782F3D /* SeeMessagingCollectionViewCell.xib in Resources */,
				3906286320C6BA3600187E21 /* Assets.xcassets in Resources */,
				39944DFF20C6DA9100235B48 /* SeeWelcomeViewController.xib in Resources */,
			);
			runOnlyForDeploymentPostprocessing = 0;
		};
/* End PBXResourcesBuildPhase section */

/* Begin PBXSourcesBuildPhase section */
		3906285420C6BA3400187E21 /* Sources */ = {
			isa = PBXSourcesBuildPhase;
			buildActionMask = 2147483647;
			files = (
				39944DDA20C6C4A500235B48 /* SeeConnectionViewController.swift in Sources */,
				39944DE420C6C51400235B48 /* QCViewControllerViewModel.swift in Sources */,
				39D8954020C871F300782F3D /* SeeNewExperienceViewControllerViewModel.swift in Sources */,
				39EA127420C9C41800BB6387 /* QCCollectionCellViewModel.swift in Sources */,
				39EA127820C9CA5800BB6387 /* SeeMessagingListCollectionViewModel.swift in Sources */,
				39944E0920C6DDA900235B48 /* SeeStartRoutingEntry.swift in Sources */,
				39944DF920C6D89100235B48 /* SeeProfilePicRoutingEntry.swift in Sources */,
				3906287820C6BF1900187E21 /* QCNavigationStyle.swift in Sources */,
				39D8952720C86D6C00782F3D /* SeeNewExperienceViewController.swift in Sources */,
				39D8953120C86DEC00782F3D /* SeeProfileViewController.swift in Sources */,
				39944DED20C6D1B200235B48 /* UIColor+See.swift in Sources */,
				39D8954220C8721400782F3D /* SeeMessagingViewControllerViewModel.swift in Sources */,
				39D8952C20C86DC500782F3D /* SeeMessagingViewController.swift in Sources */,
				39D8951D20C86A1C00782F3D /* SeeTabBarController.swift in Sources */,
				39D8953620C86E1600782F3D /* SeeFavoritesViewController.swift in Sources */,
				39D8954F20C87D8500782F3D /* QCCollectionViewModel.swift in Sources */,
				3906285E20C6BA3400187E21 /* ViewController.swift in Sources */,
				39D8953B20C8710900782F3D /* SeeTabBarViewController.swift in Sources */,
				39944E0520C6DC1500235B48 /* SeeStartViewController.swift in Sources */,
				39D8954620C8724E00782F3D /* SeeFavoritesViewControllerViewModel.swift in Sources */,
				39944DE320C6C51400235B48 /* QCViewModel.swift in Sources */,
				39944DDD20C6C4DE00235B48 /* SeeConnectionSignUpViewModel.swift in Sources */,
				3906285C20C6BA3400187E21 /* AppDelegate.swift in Sources */,
				3906286F20C6BC5600187E21 /* QCAppEnvironment.swift in Sources */,
				39944E0220C6DBEB00235B48 /* SeeWelcomeRoutingEntry.swift in Sources */,
				39D8952220C86A8300782F3D /* SeeTabBarTravellerControllerViewModel.swift in Sources */,
				39944DFE20C6DA9100235B48 /* SeeWelcomeViewController.swift in Sources */,
				39D8954420C8723100782F3D /* SeeProfileViewControllerViewModel.swift in Sources */,
				39D8954B20C87A9A00782F3D /* SeeMessagingCollectionViewCell.swift in Sources */,
				3906287620C6BD2500187E21 /* QCRoutingEntry.swift in Sources */,
				3906287220C6BCB400187E21 /* QCNavigator.swift in Sources */,
				39EA127B20C9CB9400BB6387 /* SeeMessagingCollectionViewSection.swift in Sources */,
				39944DDF20C6C50000235B48 /* SeeConnectionLoginViewModel.swift in Sources */,
				39EA127D20C9CBC500BB6387 /* SeeMessagingCollectionViewCellViewModel.swift in Sources */,
				39944DF520C6D7E700235B48 /* UIView+See.swift in Sources */,
				39944DEA20C6CB6B00235B48 /* SeeLoginRoutinEntry.swift in Sources */,
				39D8952020C86A6A00782F3D /* SeeTabBarResidentControllerViewModel.swift in Sources */,
				3906287420C6BCED00187E21 /* QCRouting.swift in Sources */,
				39D8953E20C8719200782F3D /* SeeTabBarViewControllerViewModel.swift in Sources */,
				39944DE820C6CB5B00235B48 /* SeeSignupRoutinEntry.swift in Sources */,
				39D8955120C87E7100782F3D /* QCCollectionViewSection.swift in Sources */,
				39944DF220C6D53600235B48 /* SeeProfilePicViewController.swift in Sources */,
				39EA127620C9C95200BB6387 /* QCViewModelDelegate.swift in Sources */,
			);
			runOnlyForDeploymentPostprocessing = 0;
		};
/* End PBXSourcesBuildPhase section */

/* Begin PBXVariantGroup section */
		3906286420C6BA3600187E21 /* LaunchScreen.storyboard */ = {
			isa = PBXVariantGroup;
			children = (
				3906286520C6BA3600187E21 /* Base */,
			);
			name = LaunchScreen.storyboard;
			sourceTree = "<group>";
		};
/* End PBXVariantGroup section */

/* Begin XCBuildConfiguration section */
		3906286820C6BA3600187E21 /* Debug */ = {
			isa = XCBuildConfiguration;
			buildSettings = {
				ALWAYS_SEARCH_USER_PATHS = NO;
				CLANG_ANALYZER_NONNULL = YES;
				CLANG_ANALYZER_NUMBER_OBJECT_CONVERSION = YES_AGGRESSIVE;
				CLANG_CXX_LANGUAGE_STANDARD = "gnu++14";
				CLANG_CXX_LIBRARY = "libc++";
				CLANG_ENABLE_MODULES = YES;
				CLANG_ENABLE_OBJC_ARC = YES;
				CLANG_ENABLE_OBJC_WEAK = YES;
				CLANG_WARN_BLOCK_CAPTURE_AUTORELEASING = YES;
				CLANG_WARN_BOOL_CONVERSION = YES;
				CLANG_WARN_COMMA = YES;
				CLANG_WARN_CONSTANT_CONVERSION = YES;
				CLANG_WARN_DEPRECATED_OBJC_IMPLEMENTATIONS = YES;
				CLANG_WARN_DIRECT_OBJC_ISA_USAGE = YES_ERROR;
				CLANG_WARN_DOCUMENTATION_COMMENTS = YES;
				CLANG_WARN_EMPTY_BODY = YES;
				CLANG_WARN_ENUM_CONVERSION = YES;
				CLANG_WARN_INFINITE_RECURSION = YES;
				CLANG_WARN_INT_CONVERSION = YES;
				CLANG_WARN_NON_LITERAL_NULL_CONVERSION = YES;
				CLANG_WARN_OBJC_IMPLICIT_RETAIN_SELF = YES;
				CLANG_WARN_OBJC_LITERAL_CONVERSION = YES;
				CLANG_WARN_OBJC_ROOT_CLASS = YES_ERROR;
				CLANG_WARN_RANGE_LOOP_ANALYSIS = YES;
				CLANG_WARN_STRICT_PROTOTYPES = YES;
				CLANG_WARN_SUSPICIOUS_MOVE = YES;
				CLANG_WARN_UNGUARDED_AVAILABILITY = YES_AGGRESSIVE;
				CLANG_WARN_UNREACHABLE_CODE = YES;
				CLANG_WARN__DUPLICATE_METHOD_MATCH = YES;
				CODE_SIGN_IDENTITY = "iPhone Developer";
				COPY_PHASE_STRIP = NO;
				DEBUG_INFORMATION_FORMAT = dwarf;
				ENABLE_STRICT_OBJC_MSGSEND = YES;
				ENABLE_TESTABILITY = YES;
				GCC_C_LANGUAGE_STANDARD = gnu11;
				GCC_DYNAMIC_NO_PIC = NO;
				GCC_NO_COMMON_BLOCKS = YES;
				GCC_OPTIMIZATION_LEVEL = 0;
				GCC_PREPROCESSOR_DEFINITIONS = (
					"DEBUG=1",
					"$(inherited)",
				);
				GCC_WARN_64_TO_32_BIT_CONVERSION = YES;
				GCC_WARN_ABOUT_RETURN_TYPE = YES_ERROR;
				GCC_WARN_UNDECLARED_SELECTOR = YES;
				GCC_WARN_UNINITIALIZED_AUTOS = YES_AGGRESSIVE;
				GCC_WARN_UNUSED_FUNCTION = YES;
				GCC_WARN_UNUSED_VARIABLE = YES;
				IPHONEOS_DEPLOYMENT_TARGET = 11.4;
				MTL_ENABLE_DEBUG_INFO = YES;
				ONLY_ACTIVE_ARCH = YES;
				SDKROOT = iphoneos;
				SWIFT_ACTIVE_COMPILATION_CONDITIONS = DEBUG;
				SWIFT_OPTIMIZATION_LEVEL = "-Onone";
			};
			name = Debug;
		};
		3906286920C6BA3600187E21 /* Release */ = {
			isa = XCBuildConfiguration;
			buildSettings = {
				ALWAYS_SEARCH_USER_PATHS = NO;
				CLANG_ANALYZER_NONNULL = YES;
				CLANG_ANALYZER_NUMBER_OBJECT_CONVERSION = YES_AGGRESSIVE;
				CLANG_CXX_LANGUAGE_STANDARD = "gnu++14";
				CLANG_CXX_LIBRARY = "libc++";
				CLANG_ENABLE_MODULES = YES;
				CLANG_ENABLE_OBJC_ARC = YES;
				CLANG_ENABLE_OBJC_WEAK = YES;
				CLANG_WARN_BLOCK_CAPTURE_AUTORELEASING = YES;
				CLANG_WARN_BOOL_CONVERSION = YES;
				CLANG_WARN_COMMA = YES;
				CLANG_WARN_CONSTANT_CONVERSION = YES;
				CLANG_WARN_DEPRECATED_OBJC_IMPLEMENTATIONS = YES;
				CLANG_WARN_DIRECT_OBJC_ISA_USAGE = YES_ERROR;
				CLANG_WARN_DOCUMENTATION_COMMENTS = YES;
				CLANG_WARN_EMPTY_BODY = YES;
				CLANG_WARN_ENUM_CONVERSION = YES;
				CLANG_WARN_INFINITE_RECURSION = YES;
				CLANG_WARN_INT_CONVERSION = YES;
				CLANG_WARN_NON_LITERAL_NULL_CONVERSION = YES;
				CLANG_WARN_OBJC_IMPLICIT_RETAIN_SELF = YES;
				CLANG_WARN_OBJC_LITERAL_CONVERSION = YES;
				CLANG_WARN_OBJC_ROOT_CLASS = YES_ERROR;
				CLANG_WARN_RANGE_LOOP_ANALYSIS = YES;
				CLANG_WARN_STRICT_PROTOTYPES = YES;
				CLANG_WARN_SUSPICIOUS_MOVE = YES;
				CLANG_WARN_UNGUARDED_AVAILABILITY = YES_AGGRESSIVE;
				CLANG_WARN_UNREACHABLE_CODE = YES;
				CLANG_WARN__DUPLICATE_METHOD_MATCH = YES;
				CODE_SIGN_IDENTITY = "iPhone Developer";
				COPY_PHASE_STRIP = NO;
				DEBUG_INFORMATION_FORMAT = "dwarf-with-dsym";
				ENABLE_NS_ASSERTIONS = NO;
				ENABLE_STRICT_OBJC_MSGSEND = YES;
				GCC_C_LANGUAGE_STANDARD = gnu11;
				GCC_NO_COMMON_BLOCKS = YES;
				GCC_WARN_64_TO_32_BIT_CONVERSION = YES;
				GCC_WARN_ABOUT_RETURN_TYPE = YES_ERROR;
				GCC_WARN_UNDECLARED_SELECTOR = YES;
				GCC_WARN_UNINITIALIZED_AUTOS = YES_AGGRESSIVE;
				GCC_WARN_UNUSED_FUNCTION = YES;
				GCC_WARN_UNUSED_VARIABLE = YES;
				IPHONEOS_DEPLOYMENT_TARGET = 11.4;
				MTL_ENABLE_DEBUG_INFO = NO;
				SDKROOT = iphoneos;
				SWIFT_COMPILATION_MODE = wholemodule;
				SWIFT_OPTIMIZATION_LEVEL = "-O";
				VALIDATE_PRODUCT = YES;
			};
			name = Release;
		};
		3906286B20C6BA3600187E21 /* Debug */ = {
			isa = XCBuildConfiguration;
			buildSettings = {
				ASSETCATALOG_COMPILER_APPICON_NAME = AppIcon;
				CODE_SIGN_STYLE = Automatic;
				DEVELOPMENT_TEAM = 69992N4T75;
				INFOPLIST_FILE = "See+/Info.plist";
				IPHONEOS_DEPLOYMENT_TARGET = 10.0;
				LD_RUNPATH_SEARCH_PATHS = (
					"$(inherited)",
					"@executable_path/Frameworks",
				);
				PRODUCT_BUNDLE_IDENTIFIER = com.quentin.seeplus;
				PRODUCT_NAME = "$(TARGET_NAME)";
				SWIFT_VERSION = 4.0;
				TARGETED_DEVICE_FAMILY = "1,2";
			};
			name = Debug;
		};
		3906286C20C6BA3600187E21 /* Release */ = {
			isa = XCBuildConfiguration;
			buildSettings = {
				ASSETCATALOG_COMPILER_APPICON_NAME = AppIcon;
				CODE_SIGN_STYLE = Automatic;
				DEVELOPMENT_TEAM = 69992N4T75;
				INFOPLIST_FILE = "See+/Info.plist";
				IPHONEOS_DEPLOYMENT_TARGET = 10.0;
				LD_RUNPATH_SEARCH_PATHS = (
					"$(inherited)",
					"@executable_path/Frameworks",
				);
				PRODUCT_BUNDLE_IDENTIFIER = com.quentin.seeplus;
				PRODUCT_NAME = "$(TARGET_NAME)";
				SWIFT_VERSION = 4.0;
				TARGETED_DEVICE_FAMILY = "1,2";
			};
			name = Release;
		};
/* End XCBuildConfiguration section */

/* Begin XCConfigurationList section */
		3906285320C6BA3400187E21 /* Build configuration list for PBXProject "See+" */ = {
			isa = XCConfigurationList;
			buildConfigurations = (
				3906286820C6BA3600187E21 /* Debug */,
				3906286920C6BA3600187E21 /* Release */,
			);
			defaultConfigurationIsVisible = 0;
			defaultConfigurationName = Release;
		};
		3906286A20C6BA3600187E21 /* Build configuration list for PBXNativeTarget "See+" */ = {
			isa = XCConfigurationList;
			buildConfigurations = (
				3906286B20C6BA3600187E21 /* Debug */,
				3906286C20C6BA3600187E21 /* Release */,
			);
			defaultConfigurationIsVisible = 0;
			defaultConfigurationName = Release;
		};
/* End XCConfigurationList section */
	};
	rootObject = 3906285020C6BA3400187E21 /* Project object */;
}
